
Microsoft Visual Studio Solution File, Format Version 12.00
# Visual Studio Version 16
VisualStudioVersion = 16.0.31321.278
MinimumVisualStudioVersion = 10.0.40219.1
Project("{FAE04EC0-301F-11D3-BF4B-00C04F79EFBC}") = "Z2DataCore", "Z2DataCore\Z2DataCore.csproj", "{0831700E-02BF-4C6B-80F0-B4A4A8CE62CC}"
EndProject
Global
	GlobalSection(SolutionConfigurationPlatforms) = preSolution
		Debug|Any CPU = Debug|Any CPU
		Release|Any CPU = Release|Any CPU
	EndGlobalSection
	GlobalSection(ProjectConfigurationPlatforms) = postSolution
		{0831700E-02BF-4C6B-80F0-B4A4A8CE62CC}.Debug|Any CPU.ActiveCfg = Debug|Any CPU
		{0831700E-02BF-4C6B-80F0-B4A4A8CE62CC}.Debug|Any CPU.Build.0 = Debug|Any CPU
		{0831700E-02BF-4C6B-80F0-B4A4A8CE62CC}.Release|Any CPU.ActiveCfg = Release|Any CPU
		{0831700E-02BF-4C6B-80F0-B4A4A8CE62CC}.Release|Any CPU.Build.0 = Release|Any CPU
	EndGlobalSection
	GlobalSection(SolutionProperties) = preSolution
		HideSolutionNode = FALSE
	EndGlobalSection
	GlobalSection(ExtensibilityGlobals) = postSolution
		SolutionGuid = {63EA534F-27F9-443A-A14C-841F807B34DF}
	EndGlobalSection
EndGlobal
